
Microsoft Visual Studio Solution File, Format Version 12.00
# Visual Studio Version 17
VisualStudioVersion = 17.7.34009.444
MinimumVisualStudioVersion = 10.0.40219.1
Project("{9A19103F-16F7-4668-BE54-9A1E7A4F7556}") = "LoginWebApp", "LoginWebApp.csproj", "{77512748-306A-48D9-AC71-FC3B89B05241}"
EndProject
Project("{FAE04EC0-301F-11D3-BF4B-00C04F79EFBC}") = "AppointmentTest", "..\AppointmentTest\AppointmentTest.csproj", "{6277B705-D1BB-4EB5-903F-5EC404F35566}"
EndProject
Global
	GlobalSection(SolutionConfigurationPlatforms) = preSolution
		Debug|Any CPU = Debug|Any CPU
		Release|Any CPU = Release|Any CPU
	EndGlobalSection
	GlobalSection(ProjectConfigurationPlatforms) = postSolution
		{77512748-306A-48D9-AC71-FC3B89B05241}.Debug|Any CPU.ActiveCfg = Debug|Any CPU
		{77512748-306A-48D9-AC71-FC3B89B05241}.Debug|Any CPU.Build.0 = Debug|Any CPU
		{77512748-306A-48D9-AC71-FC3B89B05241}.Release|Any CPU.ActiveCfg = Release|Any CPU
		{77512748-306A-48D9-AC71-FC3B89B05241}.Release|Any CPU.Build.0 = Release|Any CPU
		{6277B705-D1BB-4EB5-903F-5EC404F35566}.Debug|Any CPU.ActiveCfg = Debug|Any CPU
		{6277B705-D1BB-4EB5-903F-5EC404F35566}.Debug|Any CPU.Build.0 = Debug|Any CPU
		{6277B705-D1BB-4EB5-903F-5EC404F35566}.Release|Any CPU.ActiveCfg = Release|Any CPU
		{6277B705-D1BB-4EB5-903F-5EC404F35566}.Release|Any CPU.Build.0 = Release|Any CPU
	EndGlobalSection
	GlobalSection(SolutionProperties) = preSolution
		HideSolutionNode = FALSE
	EndGlobalSection
	GlobalSection(ExtensibilityGlobals) = postSolution
		SolutionGuid = {485DB7C0-18F4-4D2B-9A60-CA25F89CC3D0}
	EndGlobalSection
EndGlobal
